
Microsoft Visual Studio Solution File, Format Version 12.00
# Visual Studio Version 17
VisualStudioVersion = 17.5.002.0
MinimumVisualStudioVersion = 10.0.40219.1
Project("{9A19103F-16F7-4668-BE54-9A1E7A4F7556}") = "AzureServiceBus", "AzureServiceBus.csproj", "{8C6698E5-B8D5-4638-87B3-1B779C1C9556}"
EndProject
Global
	GlobalSection(SolutionConfigurationPlatforms) = preSolution
		Debug|Any CPU = Debug|Any CPU
		Release|Any CPU = Release|Any CPU
	EndGlobalSection
	GlobalSection(ProjectConfigurationPlatforms) = postSolution
		{8C6698E5-B8D5-4638-87B3-1B779C1C9556}.Debug|Any CPU.ActiveCfg = Debug|Any CPU
		{8C6698E5-B8D5-4638-87B3-1B779C1C9556}.Debug|Any CPU.Build.0 = Debug|Any CPU
		{8C6698E5-B8D5-4638-87B3-1B779C1C9556}.Release|Any CPU.ActiveCfg = Release|Any CPU
		{8C6698E5-B8D5-4638-87B3-1B779C1C9556}.Release|Any CPU.Build.0 = Release|Any CPU
	EndGlobalSection
	GlobalSection(SolutionProperties) = preSolution
		HideSolutionNode = FALSE
	EndGlobalSection
	GlobalSection(ExtensibilityGlobals) = postSolution
		SolutionGuid = {7E76867C-60C6-42BC-AA25-C1A3E321C0E1}
	EndGlobalSection
EndGlobal
